
Microsoft Visual Studio Solution File, Format Version 12.00
# Visual Studio Version 17
VisualStudioVersion = 17.9.34607.119
MinimumVisualStudioVersion = 10.0.40219.1
Project("{FAE04EC0-301F-11D3-BF4B-00C04F79EFBC}") = "LanghamHotels", "LanghamHotels\LanghamHotels.csproj", "{94539E84-D93D-43D7-803C-BD3B509EBAFA}"
EndProject
Global
	GlobalSection(SolutionConfigurationPlatforms) = preSolution
		Debug|Any CPU = Debug|Any CPU
		Release|Any CPU = Release|Any CPU
	EndGlobalSection
	GlobalSection(ProjectConfigurationPlatforms) = postSolution
		{94539E84-D93D-43D7-803C-BD3B509EBAFA}.Debug|Any CPU.ActiveCfg = Debug|Any CPU
		{94539E84-D93D-43D7-803C-BD3B509EBAFA}.Debug|Any CPU.Build.0 = Debug|Any CPU
		{94539E84-D93D-43D7-803C-BD3B509EBAFA}.Release|Any CPU.ActiveCfg = Release|Any CPU
		{94539E84-D93D-43D7-803C-BD3B509EBAFA}.Release|Any CPU.Build.0 = Release|Any CPU
	EndGlobalSection
	GlobalSection(SolutionProperties) = preSolution
		HideSolutionNode = FALSE
	EndGlobalSection
	GlobalSection(ExtensibilityGlobals) = postSolution
		SolutionGuid = {6DF0FAB8-262A-4705-B8DA-456A5F659542}
	EndGlobalSection
EndGlobal
